
Microsoft Visual Studio Solution File, Format Version 12.00
# Visual Studio Version 17
VisualStudioVersion = 17.11.35327.3
MinimumVisualStudioVersion = 10.0.40219.1
Project("{9A19103F-16F7-4668-BE54-9A1E7A4F7556}") = "ServerskaAp", "ServerskaAp\ServerskaAp.csproj", "{3A5A929A-B00D-456A-B208-ED687B8CE658}"
EndProject
Project("{9A19103F-16F7-4668-BE54-9A1E7A4F7556}") = "KlijentskaAp", "KlijentskaAp\KlijentskaAp.csproj", "{118A6084-EBD5-4815-A1D3-1F530C106B99}"
EndProject
Project("{FAE04EC0-301F-11D3-BF4B-00C04F79EFBC}") = "Zajednicko", "Zajednicko\Zajednicko.csproj", "{5CA77D6B-BC86-47D7-952C-62DAC7A56001}"
EndProject
Global
	GlobalSection(SolutionConfigurationPlatforms) = preSolution
		Debug|Any CPU = Debug|Any CPU
		Release|Any CPU = Release|Any CPU
	EndGlobalSection
	GlobalSection(ProjectConfigurationPlatforms) = postSolution
		{3A5A929A-B00D-456A-B208-ED687B8CE658}.Debug|Any CPU.ActiveCfg = Debug|Any CPU
		{3A5A929A-B00D-456A-B208-ED687B8CE658}.Debug|Any CPU.Build.0 = Debug|Any CPU
		{3A5A929A-B00D-456A-B208-ED687B8CE658}.Release|Any CPU.ActiveCfg = Release|Any CPU
		{3A5A929A-B00D-456A-B208-ED687B8CE658}.Release|Any CPU.Build.0 = Release|Any CPU
		{118A6084-EBD5-4815-A1D3-1F530C106B99}.Debug|Any CPU.ActiveCfg = Debug|Any CPU
		{118A6084-EBD5-4815-A1D3-1F530C106B99}.Debug|Any CPU.Build.0 = Debug|Any CPU
		{118A6084-EBD5-4815-A1D3-1F530C106B99}.Release|Any CPU.ActiveCfg = Release|Any CPU
		{118A6084-EBD5-4815-A1D3-1F530C106B99}.Release|Any CPU.Build.0 = Release|Any CPU
		{5CA77D6B-BC86-47D7-952C-62DAC7A56001}.Debug|Any CPU.ActiveCfg = Debug|Any CPU
		{5CA77D6B-BC86-47D7-952C-62DAC7A56001}.Debug|Any CPU.Build.0 = Debug|Any CPU
		{5CA77D6B-BC86-47D7-952C-62DAC7A56001}.Release|Any CPU.ActiveCfg = Release|Any CPU
		{5CA77D6B-BC86-47D7-952C-62DAC7A56001}.Release|Any CPU.Build.0 = Release|Any CPU
	EndGlobalSection
	GlobalSection(SolutionProperties) = preSolution
		HideSolutionNode = FALSE
	EndGlobalSection
	GlobalSection(ExtensibilityGlobals) = postSolution
		SolutionGuid = {6977E245-51EF-421E-AE84-3B6ABCBF2DEA}
	EndGlobalSection
EndGlobal
