
Microsoft Visual Studio Solution File, Format Version 12.00
# Visual Studio Version 17
VisualStudioVersion = 17.11.35327.3
MinimumVisualStudioVersion = 10.0.40219.1
Project("{9A19103F-16F7-4668-BE54-9A1E7A4F7556}") = "Server", "KlijentServerAplikacija\Server.csproj", "{0FBA4124-79F8-4F20-B939-911C04F950DF}"
	ProjectSection(ProjectDependencies) = postProject
		{83F643C2-ABC9-4333-9070-9D9AEF3B565A} = {83F643C2-ABC9-4333-9070-9D9AEF3B565A}
	EndProjectSection
EndProject
Project("{9A19103F-16F7-4668-BE54-9A1E7A4F7556}") = "Klijent", "Klijent\Klijent.csproj", "{33EC6EC1-8EB2-4093-A9BE-E308D26A7D39}"
EndProject
Project("{9A19103F-16F7-4668-BE54-9A1E7A4F7556}") = "PomocneFunkcije", "PomocneFunkcije\PomocneFunkcije.csproj", "{FF05B0D4-A80B-47EF-8F18-C3A3C9556089}"
EndProject
Project("{9A19103F-16F7-4668-BE54-9A1E7A4F7556}") = "Domen", "Domen\Domen.csproj", "{83F643C2-ABC9-4333-9070-9D9AEF3B565A}"
EndProject
Project("{FAE04EC0-301F-11D3-BF4B-00C04F79EFBC}") = "BrokerBazePodataka", "BrokerBazePodataka\BrokerBazePodataka.csproj", "{5B5A8863-60F9-4E20-914A-39AA23AB240E}"
EndProject
Global
	GlobalSection(SolutionConfigurationPlatforms) = preSolution
		Debug|Any CPU = Debug|Any CPU
		Release|Any CPU = Release|Any CPU
	EndGlobalSection
	GlobalSection(ProjectConfigurationPlatforms) = postSolution
		{0FBA4124-79F8-4F20-B939-911C04F950DF}.Debug|Any CPU.ActiveCfg = Debug|Any CPU
		{0FBA4124-79F8-4F20-B939-911C04F950DF}.Debug|Any CPU.Build.0 = Debug|Any CPU
		{0FBA4124-79F8-4F20-B939-911C04F950DF}.Release|Any CPU.ActiveCfg = Release|Any CPU
		{0FBA4124-79F8-4F20-B939-911C04F950DF}.Release|Any CPU.Build.0 = Release|Any CPU
		{33EC6EC1-8EB2-4093-A9BE-E308D26A7D39}.Debug|Any CPU.ActiveCfg = Debug|Any CPU
		{33EC6EC1-8EB2-4093-A9BE-E308D26A7D39}.Debug|Any CPU.Build.0 = Debug|Any CPU
		{33EC6EC1-8EB2-4093-A9BE-E308D26A7D39}.Release|Any CPU.ActiveCfg = Release|Any CPU
		{33EC6EC1-8EB2-4093-A9BE-E308D26A7D39}.Release|Any CPU.Build.0 = Release|Any CPU
		{FF05B0D4-A80B-47EF-8F18-C3A3C9556089}.Debug|Any CPU.ActiveCfg = Debug|Any CPU
		{FF05B0D4-A80B-47EF-8F18-C3A3C9556089}.Debug|Any CPU.Build.0 = Debug|Any CPU
		{FF05B0D4-A80B-47EF-8F18-C3A3C9556089}.Release|Any CPU.ActiveCfg = Release|Any CPU
		{FF05B0D4-A80B-47EF-8F18-C3A3C9556089}.Release|Any CPU.Build.0 = Release|Any CPU
		{83F643C2-ABC9-4333-9070-9D9AEF3B565A}.Debug|Any CPU.ActiveCfg = Debug|Any CPU
		{83F643C2-ABC9-4333-9070-9D9AEF3B565A}.Debug|Any CPU.Build.0 = Debug|Any CPU
		{83F643C2-ABC9-4333-9070-9D9AEF3B565A}.Release|Any CPU.ActiveCfg = Release|Any CPU
		{83F643C2-ABC9-4333-9070-9D9AEF3B565A}.Release|Any CPU.Build.0 = Release|Any CPU
		{5B5A8863-60F9-4E20-914A-39AA23AB240E}.Debug|Any CPU.ActiveCfg = Debug|Any CPU
		{5B5A8863-60F9-4E20-914A-39AA23AB240E}.Debug|Any CPU.Build.0 = Debug|Any CPU
		{5B5A8863-60F9-4E20-914A-39AA23AB240E}.Release|Any CPU.ActiveCfg = Release|Any CPU
		{5B5A8863-60F9-4E20-914A-39AA23AB240E}.Release|Any CPU.Build.0 = Release|Any CPU
	EndGlobalSection
	GlobalSection(SolutionProperties) = preSolution
		HideSolutionNode = FALSE
	EndGlobalSection
	GlobalSection(ExtensibilityGlobals) = postSolution
		SolutionGuid = {68DADB27-CD33-49BC-BC0A-C37B5CF86375}
	EndGlobalSection
EndGlobal
