
Microsoft Visual Studio Solution File, Format Version 12.00
# Visual Studio Version 17
VisualStudioVersion = 17.11.35327.3
MinimumVisualStudioVersion = 10.0.40219.1
Project("{FAE04EC0-301F-11D3-BF4B-00C04F79EFBC}") = "KorisnickiInterfejs", "KorisnickiInterfejs\KorisnickiInterfejs.csproj", "{296BE420-842B-414A-AEE7-009BF1D1CEB4}"
	ProjectSection(ProjectDependencies) = postProject
		{42F72637-EA6C-424D-97AA-2F558FD95E37} = {42F72637-EA6C-424D-97AA-2F558FD95E37}
	EndProjectSection
EndProject
Project("{FAE04EC0-301F-11D3-BF4B-00C04F79EFBC}") = "Domen", "Domen\Domen.csproj", "{6034AD31-0B20-4F29-BF03-76F6E87751B2}"
EndProject
Project("{FAE04EC0-301F-11D3-BF4B-00C04F79EFBC}") = "TestKonzolna", "TestKonzolna\TestKonzolna.csproj", "{137EF9AE-CB4A-4125-A9A4-7981441552F5}"
	ProjectSection(ProjectDependencies) = postProject
		{42F72637-EA6C-424D-97AA-2F558FD95E37} = {42F72637-EA6C-424D-97AA-2F558FD95E37}
	EndProjectSection
EndProject
Project("{FAE04EC0-301F-11D3-BF4B-00C04F79EFBC}") = "BrokerBP", "BrokerBP\BrokerBP.csproj", "{42F72637-EA6C-424D-97AA-2F558FD95E37}"
EndProject
Global
	GlobalSection(SolutionConfigurationPlatforms) = preSolution
		Debug|Any CPU = Debug|Any CPU
		Release|Any CPU = Release|Any CPU
	EndGlobalSection
	GlobalSection(ProjectConfigurationPlatforms) = postSolution
		{296BE420-842B-414A-AEE7-009BF1D1CEB4}.Debug|Any CPU.ActiveCfg = Debug|Any CPU
		{296BE420-842B-414A-AEE7-009BF1D1CEB4}.Debug|Any CPU.Build.0 = Debug|Any CPU
		{296BE420-842B-414A-AEE7-009BF1D1CEB4}.Release|Any CPU.ActiveCfg = Release|Any CPU
		{296BE420-842B-414A-AEE7-009BF1D1CEB4}.Release|Any CPU.Build.0 = Release|Any CPU
		{6034AD31-0B20-4F29-BF03-76F6E87751B2}.Debug|Any CPU.ActiveCfg = Debug|Any CPU
		{6034AD31-0B20-4F29-BF03-76F6E87751B2}.Debug|Any CPU.Build.0 = Debug|Any CPU
		{6034AD31-0B20-4F29-BF03-76F6E87751B2}.Release|Any CPU.ActiveCfg = Release|Any CPU
		{6034AD31-0B20-4F29-BF03-76F6E87751B2}.Release|Any CPU.Build.0 = Release|Any CPU
		{137EF9AE-CB4A-4125-A9A4-7981441552F5}.Debug|Any CPU.ActiveCfg = Debug|Any CPU
		{137EF9AE-CB4A-4125-A9A4-7981441552F5}.Debug|Any CPU.Build.0 = Debug|Any CPU
		{137EF9AE-CB4A-4125-A9A4-7981441552F5}.Release|Any CPU.ActiveCfg = Release|Any CPU
		{137EF9AE-CB4A-4125-A9A4-7981441552F5}.Release|Any CPU.Build.0 = Release|Any CPU
		{42F72637-EA6C-424D-97AA-2F558FD95E37}.Debug|Any CPU.ActiveCfg = Debug|Any CPU
		{42F72637-EA6C-424D-97AA-2F558FD95E37}.Debug|Any CPU.Build.0 = Debug|Any CPU
		{42F72637-EA6C-424D-97AA-2F558FD95E37}.Release|Any CPU.ActiveCfg = Release|Any CPU
		{42F72637-EA6C-424D-97AA-2F558FD95E37}.Release|Any CPU.Build.0 = Release|Any CPU
	EndGlobalSection
	GlobalSection(SolutionProperties) = preSolution
		HideSolutionNode = FALSE
	EndGlobalSection
	GlobalSection(ExtensibilityGlobals) = postSolution
		SolutionGuid = {BF90DB6A-1B93-4502-BB0A-2F734C27665C}
	EndGlobalSection
EndGlobal
